
Microsoft Visual Studio Solution File, Format Version 12.00
# Visual Studio 15
VisualStudioVersion = 15.0.28010.2003
MinimumVisualStudioVersion = 10.0.40219.1
Project("{FAE04EC0-301F-11D3-BF4B-00C04F79EFBC}") = "ATM", "ATM\ATM.csproj", "{358E69DD-D4AC-4B8E-A4F2-EE6D4D183470}"
EndProject
Global
	GlobalSection(SolutionConfigurationPlatforms) = preSolution
		Debug|Any CPU = Debug|Any CPU
		Release|Any CPU = Release|Any CPU
	EndGlobalSection
	GlobalSection(ProjectConfigurationPlatforms) = postSolution
		{358E69DD-D4AC-4B8E-A4F2-EE6D4D183470}.Debug|Any CPU.ActiveCfg = Debug|Any CPU
		{358E69DD-D4AC-4B8E-A4F2-EE6D4D183470}.Debug|Any CPU.Build.0 = Debug|Any CPU
		{358E69DD-D4AC-4B8E-A4F2-EE6D4D183470}.Release|Any CPU.ActiveCfg = Release|Any CPU
		{358E69DD-D4AC-4B8E-A4F2-EE6D4D183470}.Release|Any CPU.Build.0 = Release|Any CPU
	EndGlobalSection
	GlobalSection(SolutionProperties) = preSolution
		HideSolutionNode = FALSE
	EndGlobalSection
	GlobalSection(ExtensibilityGlobals) = postSolution
		SolutionGuid = {D60BE761-2F78-4316-AE02-8FDEADC46E49}
	EndGlobalSection
EndGlobal
